
Microsoft Visual Studio Solution File, Format Version 12.00
# Visual Studio Version 16
VisualStudioVersion = 16.0.29806.167
MinimumVisualStudioVersion = 10.0.40219.1
Project("{FAE04EC0-301F-11D3-BF4B-00C04F79EFBC}") = "saleswebmvc", "saleswebmvc\saleswebmvc.csproj", "{BC3CCA48-3BD1-41EB-9E41-6811E4BDDD6B}"
EndProject
Global
	GlobalSection(SolutionConfigurationPlatforms) = preSolution
		Debug|Any CPU = Debug|Any CPU
		Release|Any CPU = Release|Any CPU
	EndGlobalSection
	GlobalSection(ProjectConfigurationPlatforms) = postSolution
		{BC3CCA48-3BD1-41EB-9E41-6811E4BDDD6B}.Debug|Any CPU.ActiveCfg = Debug|Any CPU
		{BC3CCA48-3BD1-41EB-9E41-6811E4BDDD6B}.Debug|Any CPU.Build.0 = Debug|Any CPU
		{BC3CCA48-3BD1-41EB-9E41-6811E4BDDD6B}.Release|Any CPU.ActiveCfg = Release|Any CPU
		{BC3CCA48-3BD1-41EB-9E41-6811E4BDDD6B}.Release|Any CPU.Build.0 = Release|Any CPU
	EndGlobalSection
	GlobalSection(SolutionProperties) = preSolution
		HideSolutionNode = FALSE
	EndGlobalSection
	GlobalSection(ExtensibilityGlobals) = postSolution
		SolutionGuid = {3E4FE367-828D-4A1F-80D7-6D11FCAA82BC}
	EndGlobalSection
EndGlobal
